# This file is automatically @generated by Cargo.
# It is not intended for manual editing.
version = 3

[[package]]
name = "html"
version = "0.5.2"
source = "registry+https://github.com/rust-lang/crates.io-index"
checksum = "bc3a7577238029a2704c53d9571a1e5c67f36ea9f487b03b405df8b64030cacf"
dependencies = [
 "html-sys",
]

[[package]]
name = "html-sys"
version = "0.3.1"
source = "registry+https://github.com/rust-lang/crates.io-index"
checksum = "05eabf4b1d6f9cf57ee8ddaab1a3065ae8394c5cb08d80f9b49d9ebe9307b56d"

[[package]]
name = "md"
version = "0.1.0"

[[package]]
name = "whim"
version = "0.1.0"
dependencies = [
 "html",
 "md",
]
